
Microsoft Visual Studio Solution File, Format Version 12.00
# Visual Studio Version 16
VisualStudioVersion = 25.0.1706.6
MinimumVisualStudioVersion = 10.0.40219.1
Project("{FAE04EC0-301F-11D3-BF4B-00C04F79EFBC}") = "Bank", "Bank\Bank.csproj", "{5B3E0610-9377-4EE7-A475-2B224F8E692B}"
EndProject
Project("{FAE04EC0-301F-11D3-BF4B-00C04F79EFBC}") = "BankTests", "BankTests\BankTests.csproj", "{BA824922-B183-48C4-BD9A-E4334C6E8D42}"
EndProject
Global
	GlobalSection(SolutionConfigurationPlatforms) = preSolution
		Debug|Any CPU = Debug|Any CPU
		Release|Any CPU = Release|Any CPU
	EndGlobalSection
	GlobalSection(ProjectConfigurationPlatforms) = postSolution
		{5B3E0610-9377-4EE7-A475-2B224F8E692B}.Debug|Any CPU.ActiveCfg = Debug|Any CPU
		{5B3E0610-9377-4EE7-A475-2B224F8E692B}.Debug|Any CPU.Build.0 = Debug|Any CPU
		{5B3E0610-9377-4EE7-A475-2B224F8E692B}.Release|Any CPU.ActiveCfg = Release|Any CPU
		{5B3E0610-9377-4EE7-A475-2B224F8E692B}.Release|Any CPU.Build.0 = Release|Any CPU
		{BA824922-B183-48C4-BD9A-E4334C6E8D42}.Debug|Any CPU.ActiveCfg = Debug|Any CPU
		{BA824922-B183-48C4-BD9A-E4334C6E8D42}.Debug|Any CPU.Build.0 = Debug|Any CPU
		{BA824922-B183-48C4-BD9A-E4334C6E8D42}.Release|Any CPU.ActiveCfg = Release|Any CPU
		{BA824922-B183-48C4-BD9A-E4334C6E8D42}.Release|Any CPU.Build.0 = Release|Any CPU
	EndGlobalSection
	GlobalSection(SolutionProperties) = preSolution
		HideSolutionNode = FALSE
	EndGlobalSection
	GlobalSection(ExtensibilityGlobals) = postSolution
		SolutionGuid = {EACC6181-05BE-42CE-AADE-7C6DCD84AE79}
	EndGlobalSection
EndGlobal
